// !$*UTF8*$!
{
	archiveVersion = 1;
	classes = {
	};
	objectVersion = 51;
	objects = {

/* Begin PBXBuildFile section */
		1904A4EB239D1541001080F0 /* DataFetchDiscovery.swift in Sources */ = {isa = PBXBuildFile; fileRef = 1904A4EA239D1541001080F0 /* DataFetchDiscovery.swift */; };
		191CC40B23705BF4003AA481 /* AppDelegate.swift in Sources */ = {isa = PBXBuildFile; fileRef = 191CC40A23705BF4003AA481 /* AppDelegate.swift */; };
		191CC40D23705BF4003AA481 /* SceneDelegate.swift in Sources */ = {isa = PBXBuildFile; fileRef = 191CC40C23705BF4003AA481 /* SceneDelegate.swift */; };
		191CC40F23705BF4003AA481 /* ViewController.swift in Sources */ = {isa = PBXBuildFile; fileRef = 191CC40E23705BF4003AA481 /* ViewController.swift */; };
		191CC41423705BFA003AA481 /* Assets.xcassets in Resources */ = {isa = PBXBuildFile; fileRef = 191CC41323705BFA003AA481 /* Assets.xcassets */; };
		191CC41723705BFA003AA481 /* LaunchScreen.storyboard in Resources */ = {isa = PBXBuildFile; fileRef = 191CC41523705BFA003AA481 /* LaunchScreen.storyboard */; };
		191CC42423706666003AA481 /* LoginViewController.swift in Sources */ = {isa = PBXBuildFile; fileRef = 191CC42323706666003AA481 /* LoginViewController.swift */; };
		191CC42623706673003AA481 /* SignUpViewController.swift in Sources */ = {isa = PBXBuildFile; fileRef = 191CC42523706673003AA481 /* SignUpViewController.swift */; };
		191CC42823706680003AA481 /* WelcomViewController.swift in Sources */ = {isa = PBXBuildFile; fileRef = 191CC42723706680003AA481 /* WelcomViewController.swift */; };
		191CC42B23708550003AA481 /* GoogleService-Info.plist in Resources */ = {isa = PBXBuildFile; fileRef = 191CC42A23708550003AA481 /* GoogleService-Info.plist */; };
		191CC43123731C41003AA481 /* Main.storyboard in Resources */ = {isa = PBXBuildFile; fileRef = 191CC43023731C41003AA481 /* Main.storyboard */; };
		191CC43523759F70003AA481 /* DiscoveryItemViewController.swift in Sources */ = {isa = PBXBuildFile; fileRef = 191CC43423759F70003AA481 /* DiscoveryItemViewController.swift */; };
		191CC43923759F92003AA481 /* ReservationsItemViewController.swift in Sources */ = {isa = PBXBuildFile; fileRef = 191CC43823759F92003AA481 /* ReservationsItemViewController.swift */; };
		191CC43B2375AD34003AA481 /* PostViewCell.swift in Sources */ = {isa = PBXBuildFile; fileRef = 191CC43A2375AD34003AA481 /* PostViewCell.swift */; };
		191CC43E2375AFDE003AA481 /* Post.swift in Sources */ = {isa = PBXBuildFile; fileRef = 191CC43D2375AFDE003AA481 /* Post.swift */; };
		191CC4402375B0EA003AA481 /* PostListTableViewController.swift in Sources */ = {isa = PBXBuildFile; fileRef = 191CC43F2375B0EA003AA481 /* PostListTableViewController.swift */; };
		19270DD8238558C800EF671C /* PostMakerViewController.swift in Sources */ = {isa = PBXBuildFile; fileRef = 19270DD7238558C800EF671C /* PostMakerViewController.swift */; };
		1945D53A237C5C54005CF923 /* GamesTableViewController.swift in Sources */ = {isa = PBXBuildFile; fileRef = 1945D539237C5C54005CF923 /* GamesTableViewController.swift */; };
		1945D53C237C5C67005CF923 /* GameViewCell.swift in Sources */ = {isa = PBXBuildFile; fileRef = 1945D53B237C5C67005CF923 /* GameViewCell.swift */; };
		1945D53E237C5F32005CF923 /* Game.swift in Sources */ = {isa = PBXBuildFile; fileRef = 1945D53D237C5F32005CF923 /* Game.swift */; };
		1946A3AB237A981A001D5046 /* DrinkViewCell.swift in Sources */ = {isa = PBXBuildFile; fileRef = 1946A3AA237A981A001D5046 /* DrinkViewCell.swift */; };
		1946A3AD237A9832001D5046 /* DrinksTableViewController.swift in Sources */ = {isa = PBXBuildFile; fileRef = 1946A3AC237A9832001D5046 /* DrinksTableViewController.swift */; };
		1946A3AF237A984B001D5046 /* Drink.swift in Sources */ = {isa = PBXBuildFile; fileRef = 1946A3AE237A984B001D5046 /* Drink.swift */; };
		19AEBB3A23898AD3007FEB28 /* ReservationMakerViewController.swift in Sources */ = {isa = PBXBuildFile; fileRef = 19AEBB3923898AD3007FEB28 /* ReservationMakerViewController.swift */; };
		19D34900238C5281009839E2 /* MyReservationsListTableViewController.swift in Sources */ = {isa = PBXBuildFile; fileRef = 19D348FF238C5281009839E2 /* MyReservationsListTableViewController.swift */; };
		19D34902238C52AF009839E2 /* ReservationViewCell.swift in Sources */ = {isa = PBXBuildFile; fileRef = 19D34901238C52AF009839E2 /* ReservationViewCell.swift */; };
		19D34904238C53A6009839E2 /* Reservation.swift in Sources */ = {isa = PBXBuildFile; fileRef = 19D34903238C53A6009839E2 /* Reservation.swift */; };
		19D52AF72395554D00B56000 /* currentUser.swift in Sources */ = {isa = PBXBuildFile; fileRef = 19D52AF62395554D00B56000 /* currentUser.swift */; };
		19DAA9C12377507C00E4B314 /* Snack.swift in Sources */ = {isa = PBXBuildFile; fileRef = 19DAA9C02377507C00E4B314 /* Snack.swift */; };
		19DAA9C3237751E000E4B314 /* SnackListTableViewController.swift in Sources */ = {isa = PBXBuildFile; fileRef = 19DAA9C2237751E000E4B314 /* SnackListTableViewController.swift */; };
		19DAA9C52377523700E4B314 /* SnackViewCell.swift in Sources */ = {isa = PBXBuildFile; fileRef = 19DAA9C42377523700E4B314 /* SnackViewCell.swift */; };
		C2A7F63A5A55E9BD00F69784 /* Pods_NativeAppsFinalProject.framework in Frameworks */ = {isa = PBXBuildFile; fileRef = 2574E343CE0E66DAF57CCEC7 /* Pods_NativeAppsFinalProject.framework */; };
/* End PBXBuildFile section */

/* Begin PBXFileReference section */
		1825B4541D9EE327FEEDAFF0 /* Pods-NativeAppsFinalProject.release.xcconfig */ = {isa = PBXFileReference; includeInIndex = 1; lastKnownFileType = text.xcconfig; name = "Pods-NativeAppsFinalProject.release.xcconfig"; path = "Target Support Files/Pods-NativeAppsFinalProject/Pods-NativeAppsFinalProject.release.xcconfig"; sourceTree = "<group>"; };
		1904A4EA239D1541001080F0 /* DataFetchDiscovery.swift */ = {isa = PBXFileReference; lastKnownFileType = sourcecode.swift; path = DataFetchDiscovery.swift; sourceTree = "<group>"; };
		191CC40723705BF4003AA481 /* NativeAppsFinalProject.app */ = {isa = PBXFileReference; explicitFileType = wrapper.application; includeInIndex = 0; path = NativeAppsFinalProject.app; sourceTree = BUILT_PRODUCTS_DIR; };
		191CC40A23705BF4003AA481 /* AppDelegate.swift */ = {isa = PBXFileReference; lastKnownFileType = sourcecode.swift; path = AppDelegate.swift; sourceTree = "<group>"; };
		191CC40C23705BF4003AA481 /* SceneDelegate.swift */ = {isa = PBXFileReference; lastKnownFileType = sourcecode.swift; path = SceneDelegate.swift; sourceTree = "<group>"; };
		191CC40E23705BF4003AA481 /* ViewController.swift */ = {isa = PBXFileReference; lastKnownFileType = sourcecode.swift; path = ViewController.swift; sourceTree = "<group>"; };
		191CC41323705BFA003AA481 /* Assets.xcassets */ = {isa = PBXFileReference; lastKnownFileType = folder.assetcatalog; path = Assets.xcassets; sourceTree = "<group>"; };
		191CC41623705BFA003AA481 /* Base */ = {isa = PBXFileReference; lastKnownFileType = file.storyboard; name = Base; path = Base.lproj/LaunchScreen.storyboard; sourceTree = "<group>"; };
		191CC41823705BFA003AA481 /* Info.plist */ = {isa = PBXFileReference; lastKnownFileType = text.plist.xml; path = Info.plist; sourceTree = "<group>"; };
		191CC42323706666003AA481 /* LoginViewController.swift */ = {isa = PBXFileReference; lastKnownFileType = sourcecode.swift; path = LoginViewController.swift; sourceTree = "<group>"; };
		191CC42523706673003AA481 /* SignUpViewController.swift */ = {isa = PBXFileReference; lastKnownFileType = sourcecode.swift; path = SignUpViewController.swift; sourceTree = "<group>"; };
		191CC42723706680003AA481 /* WelcomViewController.swift */ = {isa = PBXFileReference; lastKnownFileType = sourcecode.swift; path = WelcomViewController.swift; sourceTree = "<group>"; };
		191CC42A23708550003AA481 /* GoogleService-Info.plist */ = {isa = PBXFileReference; fileEncoding = 4; lastKnownFileType = text.plist.xml; path = "GoogleService-Info.plist"; sourceTree = "<group>"; };
		191CC43023731C41003AA481 /* Main.storyboard */ = {isa = PBXFileReference; fileEncoding = 4; lastKnownFileType = file.storyboard; path = Main.storyboard; sourceTree = "<group>"; };
		191CC43423759F70003AA481 /* DiscoveryItemViewController.swift */ = {isa = PBXFileReference; lastKnownFileType = sourcecode.swift; path = DiscoveryItemViewController.swift; sourceTree = "<group>"; };
		191CC43823759F92003AA481 /* ReservationsItemViewController.swift */ = {isa = PBXFileReference; lastKnownFileType = sourcecode.swift; path = ReservationsItemViewController.swift; sourceTree = "<group>"; };
		191CC43A2375AD34003AA481 /* PostViewCell.swift */ = {isa = PBXFileReference; lastKnownFileType = sourcecode.swift; path = PostViewCell.swift; sourceTree = "<group>"; };
		191CC43D2375AFDE003AA481 /* Post.swift */ = {isa = PBXFileReference; lastKnownFileType = sourcecode.swift; path = Post.swift; sourceTree = "<group>"; };
		191CC43F2375B0EA003AA481 /* PostListTableViewController.swift */ = {isa = PBXFileReference; lastKnownFileType = sourcecode.swift; path = PostListTableViewController.swift; sourceTree = "<group>"; };
		19270DD7238558C800EF671C /* PostMakerViewController.swift */ = {isa = PBXFileReference; lastKnownFileType = sourcecode.swift; path = PostMakerViewController.swift; sourceTree = "<group>"; };
		1945D539237C5C54005CF923 /* GamesTableViewController.swift */ = {isa = PBXFileReference; lastKnownFileType = sourcecode.swift; path = GamesTableViewController.swift; sourceTree = "<group>"; };
		1945D53B237C5C67005CF923 /* GameViewCell.swift */ = {isa = PBXFileReference; lastKnownFileType = sourcecode.swift; path = GameViewCell.swift; sourceTree = "<group>"; };
		1945D53D237C5F32005CF923 /* Game.swift */ = {isa = PBXFileReference; lastKnownFileType = sourcecode.swift; path = Game.swift; sourceTree = "<group>"; };
		1946A3AA237A981A001D5046 /* DrinkViewCell.swift */ = {isa = PBXFileReference; lastKnownFileType = sourcecode.swift; path = DrinkViewCell.swift; sourceTree = "<group>"; };
		1946A3AC237A9832001D5046 /* DrinksTableViewController.swift */ = {isa = PBXFileReference; lastKnownFileType = sourcecode.swift; path = DrinksTableViewController.swift; sourceTree = "<group>"; };
		1946A3AE237A984B001D5046 /* Drink.swift */ = {isa = PBXFileReference; lastKnownFileType = sourcecode.swift; path = Drink.swift; sourceTree = "<group>"; };
		19AEBB3923898AD3007FEB28 /* ReservationMakerViewController.swift */ = {isa = PBXFileReference; lastKnownFileType = sourcecode.swift; path = ReservationMakerViewController.swift; sourceTree = "<group>"; };
		19D348FF238C5281009839E2 /* MyReservationsListTableViewController.swift */ = {isa = PBXFileReference; lastKnownFileType = sourcecode.swift; path = MyReservationsListTableViewController.swift; sourceTree = "<group>"; };
		19D34901238C52AF009839E2 /* ReservationViewCell.swift */ = {isa = PBXFileReference; lastKnownFileType = sourcecode.swift; path = ReservationViewCell.swift; sourceTree = "<group>"; };
		19D34903238C53A6009839E2 /* Reservation.swift */ = {isa = PBXFileReference; lastKnownFileType = sourcecode.swift; path = Reservation.swift; sourceTree = "<group>"; };
		19D52AF62395554D00B56000 /* currentUser.swift */ = {isa = PBXFileReference; lastKnownFileType = sourcecode.swift; path = currentUser.swift; sourceTree = "<group>"; };
		19DAA9C02377507C00E4B314 /* Snack.swift */ = {isa = PBXFileReference; lastKnownFileType = sourcecode.swift; path = Snack.swift; sourceTree = "<group>"; };
		19DAA9C2237751E000E4B314 /* SnackListTableViewController.swift */ = {isa = PBXFileReference; lastKnownFileType = sourcecode.swift; path = SnackListTableViewController.swift; sourceTree = "<group>"; };
		19DAA9C42377523700E4B314 /* SnackViewCell.swift */ = {isa = PBXFileReference; lastKnownFileType = sourcecode.swift; path = SnackViewCell.swift; sourceTree = "<group>"; };
		2574E343CE0E66DAF57CCEC7 /* Pods_NativeAppsFinalProject.framework */ = {isa = PBXFileReference; explicitFileType = wrapper.framework; includeInIndex = 0; path = Pods_NativeAppsFinalProject.framework; sourceTree = BUILT_PRODUCTS_DIR; };
		EAB883B312D33ED69829A61D /* Pods-NativeAppsFinalProject.debug.xcconfig */ = {isa = PBXFileReference; includeInIndex = 1; lastKnownFileType = text.xcconfig; name = "Pods-NativeAppsFinalProject.debug.xcconfig"; path = "Target Support Files/Pods-NativeAppsFinalProject/Pods-NativeAppsFinalProject.debug.xcconfig"; sourceTree = "<group>"; };
/* End PBXFileReference section */

/* Begin PBXFrameworksBuildPhase section */
		191CC40423705BF4003AA481 /* Frameworks */ = {
			isa = PBXFrameworksBuildPhase;
			buildActionMask = 2147483647;
			files = (
				C2A7F63A5A55E9BD00F69784 /* Pods_NativeAppsFinalProject.framework in Frameworks */,
			);
			runOnlyForDeploymentPostprocessing = 0;
		};
/* End PBXFrameworksBuildPhase section */

/* Begin PBXGroup section */
		1904A4E9239D150F001080F0 /* Data */ = {
			isa = PBXGroup;
			children = (
				1904A4EA239D1541001080F0 /* DataFetchDiscovery.swift */,
			);
			path = Data;
			sourceTree = "<group>";
		};
		191CC3FE23705BF4003AA481 = {
			isa = PBXGroup;
			children = (
				191CC40923705BF4003AA481 /* NativeAppsFinalProject */,
				191CC40823705BF4003AA481 /* Products */,
				9C106A71DD3EF9FBF8BB528C /* Pods */,
				C56DDF9F0A1D62545971FE50 /* Frameworks */,
			);
			sourceTree = "<group>";
		};
		191CC40823705BF4003AA481 /* Products */ = {
			isa = PBXGroup;
			children = (
				191CC40723705BF4003AA481 /* NativeAppsFinalProject.app */,
			);
			name = Products;
			sourceTree = "<group>";
		};
		191CC40923705BF4003AA481 /* NativeAppsFinalProject */ = {
			isa = PBXGroup;
			children = (
				191CC40A23705BF4003AA481 /* AppDelegate.swift */,
				191CC40C23705BF4003AA481 /* SceneDelegate.swift */,
				191CC43023731C41003AA481 /* Main.storyboard */,
				191CC43C2375AFB4003AA481 /* Model */,
				191CC42923706712003AA481 /* ViewControllers */,
				1904A4E9239D150F001080F0 /* Data */,
				191CC41323705BFA003AA481 /* Assets.xcassets */,
				191CC42A23708550003AA481 /* GoogleService-Info.plist */,
				191CC41523705BFA003AA481 /* LaunchScreen.storyboard */,
				191CC41823705BFA003AA481 /* Info.plist */,
			);
			path = NativeAppsFinalProject;
			sourceTree = "<group>";
		};
		191CC42923706712003AA481 /* ViewControllers */ = {
			isa = PBXGroup;
			children = (
				191CC40E23705BF4003AA481 /* ViewController.swift */,
				191CC42323706666003AA481 /* LoginViewController.swift */,
				191CC42523706673003AA481 /* SignUpViewController.swift */,
				191CC42723706680003AA481 /* WelcomViewController.swift */,
				191CC43423759F70003AA481 /* DiscoveryItemViewController.swift */,
				191CC43823759F92003AA481 /* ReservationsItemViewController.swift */,
				191CC43A2375AD34003AA481 /* PostViewCell.swift */,
				191CC43F2375B0EA003AA481 /* PostListTableViewController.swift */,
				19DAA9C2237751E000E4B314 /* SnackListTableViewController.swift */,
				19DAA9C42377523700E4B314 /* SnackViewCell.swift */,
				1946A3AA237A981A001D5046 /* DrinkViewCell.swift */,
				1946A3AC237A9832001D5046 /* DrinksTableViewController.swift */,
				1945D539237C5C54005CF923 /* GamesTableViewController.swift */,
				1945D53B237C5C67005CF923 /* GameViewCell.swift */,
				19270DD7238558C800EF671C /* PostMakerViewController.swift */,
				19AEBB3923898AD3007FEB28 /* ReservationMakerViewController.swift */,
				19D348FF238C5281009839E2 /* MyReservationsListTableViewController.swift */,
				19D34901238C52AF009839E2 /* ReservationViewCell.swift */,
			);
			path = ViewControllers;
			sourceTree = "<group>";
		};
		191CC43C2375AFB4003AA481 /* Model */ = {
			isa = PBXGroup;
			children = (
				191CC43D2375AFDE003AA481 /* Post.swift */,
				19DAA9C02377507C00E4B314 /* Snack.swift */,
				1946A3AE237A984B001D5046 /* Drink.swift */,
				1945D53D237C5F32005CF923 /* Game.swift */,
				19D34903238C53A6009839E2 /* Reservation.swift */,
				19D52AF62395554D00B56000 /* currentUser.swift */,
			);
			path = Model;
			sourceTree = "<group>";
		};
		9C106A71DD3EF9FBF8BB528C /* Pods */ = {
			isa = PBXGroup;
			children = (
				EAB883B312D33ED69829A61D /* Pods-NativeAppsFinalProject.debug.xcconfig */,
				1825B4541D9EE327FEEDAFF0 /* Pods-NativeAppsFinalProject.release.xcconfig */,
			);
			path = Pods;
			sourceTree = "<group>";
		};
		C56DDF9F0A1D62545971FE50 /* Frameworks */ = {
			isa = PBXGroup;
			children = (
				2574E343CE0E66DAF57CCEC7 /* Pods_NativeAppsFinalProject.framework */,
			);
			name = Frameworks;
			sourceTree = "<group>";
		};
/* End PBXGroup section */

/* Begin PBXNativeTarget section */
		191CC40623705BF4003AA481 /* NativeAppsFinalProject */ = {
			isa = PBXNativeTarget;
			buildConfigurationList = 191CC41B23705BFA003AA481 /* Build configuration list for PBXNativeTarget "NativeAppsFinalProject" */;
			buildPhases = (
				FD53AEF944404249749BE3DD /* [CP] Check Pods Manifest.lock */,
				191CC40323705BF4003AA481 /* Sources */,
				191CC40423705BF4003AA481 /* Frameworks */,
				191CC40523705BF4003AA481 /* Resources */,
				C786B072369BB82D4D224736 /* [CP] Embed Pods Frameworks */,
			);
			buildRules = (
			);
			dependencies = (
			);
			name = NativeAppsFinalProject;
			productName = NativeAppsFinalProject;
			productReference = 191CC40723705BF4003AA481 /* NativeAppsFinalProject.app */;
			productType = "com.apple.product-type.application";
		};
/* End PBXNativeTarget section */

/* Begin PBXProject section */
		191CC3FF23705BF4003AA481 /* Project object */ = {
			isa = PBXProject;
			attributes = {
				LastSwiftUpdateCheck = 1120;
				LastUpgradeCheck = 1120;
				ORGANIZATIONNAME = "Duc Van";
				TargetAttributes = {
					191CC40623705BF4003AA481 = {
						CreatedOnToolsVersion = 11.2;
					};
				};
			};
			buildConfigurationList = 191CC40223705BF4003AA481 /* Build configuration list for PBXProject "NativeAppsFinalProject" */;
			compatibilityVersion = "Xcode 9.3";
			developmentRegion = en;
			hasScannedForEncodings = 0;
			knownRegions = (
				en,
				Base,
			);
			mainGroup = 191CC3FE23705BF4003AA481;
			productRefGroup = 191CC40823705BF4003AA481 /* Products */;
			projectDirPath = "";
			projectRoot = "";
			targets = (
				191CC40623705BF4003AA481 /* NativeAppsFinalProject */,
			);
		};
/* End PBXProject section */

/* Begin PBXResourcesBuildPhase section */
		191CC40523705BF4003AA481 /* Resources */ = {
			isa = PBXResourcesBuildPhase;
			buildActionMask = 2147483647;
			files = (
				191CC41723705BFA003AA481 /* LaunchScreen.storyboard in Resources */,
				191CC42B23708550003AA481 /* GoogleService-Info.plist in Resources */,
				191CC41423705BFA003AA481 /* Assets.xcassets in Resources */,
				191CC43123731C41003AA481 /* Main.storyboard in Resources */,
			);
			runOnlyForDeploymentPostprocessing = 0;
		};
/* End PBXResourcesBuildPhase section */

/* Begin PBXShellScriptBuildPhase section */
		C786B072369BB82D4D224736 /* [CP] Embed Pods Frameworks */ = {
			isa = PBXShellScriptBuildPhase;
			buildActionMask = 2147483647;
			files = (
			);
			inputFileListPaths = (
				"${PODS_ROOT}/Target Support Files/Pods-NativeAppsFinalProject/Pods-NativeAppsFinalProject-frameworks-${CONFIGURATION}-input-files.xcfilelist",
			);
			name = "[CP] Embed Pods Frameworks";
			outputFileListPaths = (
				"${PODS_ROOT}/Target Support Files/Pods-NativeAppsFinalProject/Pods-NativeAppsFinalProject-frameworks-${CONFIGURATION}-output-files.xcfilelist",
			);
			runOnlyForDeploymentPostprocessing = 0;
			shellPath = /bin/sh;
			shellScript = "\"${PODS_ROOT}/Target Support Files/Pods-NativeAppsFinalProject/Pods-NativeAppsFinalProject-frameworks.sh\"\n";
			showEnvVarsInLog = 0;
		};
		FD53AEF944404249749BE3DD /* [CP] Check Pods Manifest.lock */ = {
			isa = PBXShellScriptBuildPhase;
			buildActionMask = 2147483647;
			files = (
			);
			inputFileListPaths = (
			);
			inputPaths = (
				"${PODS_PODFILE_DIR_PATH}/Podfile.lock",
				"${PODS_ROOT}/Manifest.lock",
			);
			name = "[CP] Check Pods Manifest.lock";
			outputFileListPaths = (
			);
			outputPaths = (
				"$(DERIVED_FILE_DIR)/Pods-NativeAppsFinalProject-checkManifestLockResult.txt",
			);
			runOnlyForDeploymentPostprocessing = 0;
			shellPath = /bin/sh;
			shellScript = "diff \"${PODS_PODFILE_DIR_PATH}/Podfile.lock\" \"${PODS_ROOT}/Manifest.lock\" > /dev/null\nif [ $? != 0 ] ; then\n    # print error to STDERR\n    echo \"error: The sandbox is not in sync with the Podfile.lock. Run 'pod install' or update your CocoaPods installation.\" >&2\n    exit 1\nfi\n# This output is used by Xcode 'outputs' to avoid re-running this script phase.\necho \"SUCCESS\" > \"${SCRIPT_OUTPUT_FILE_0}\"\n";
			showEnvVarsInLog = 0;
		};
/* End PBXShellScriptBuildPhase section */

/* Begin PBXSourcesBuildPhase section */
		191CC40323705BF4003AA481 /* Sources */ = {
			isa = PBXSourcesBuildPhase;
			buildActionMask = 2147483647;
			files = (
				191CC4402375B0EA003AA481 /* PostListTableViewController.swift in Sources */,
				19DAA9C3237751E000E4B314 /* SnackListTableViewController.swift in Sources */,
				1904A4EB239D1541001080F0 /* DataFetchDiscovery.swift in Sources */,
				19D34900238C5281009839E2 /* MyReservationsListTableViewController.swift in Sources */,
				191CC42423706666003AA481 /* LoginViewController.swift in Sources */,
				1945D53C237C5C67005CF923 /* GameViewCell.swift in Sources */,
				19DAA9C12377507C00E4B314 /* Snack.swift in Sources */,
				191CC43E2375AFDE003AA481 /* Post.swift in Sources */,
				191CC43B2375AD34003AA481 /* PostViewCell.swift in Sources */,
				191CC40F23705BF4003AA481 /* ViewController.swift in Sources */,
				191CC43923759F92003AA481 /* ReservationsItemViewController.swift in Sources */,
				191CC40B23705BF4003AA481 /* AppDelegate.swift in Sources */,
				191CC40D23705BF4003AA481 /* SceneDelegate.swift in Sources */,
				1945D53E237C5F32005CF923 /* Game.swift in Sources */,
				191CC42623706673003AA481 /* SignUpViewController.swift in Sources */,
				19DAA9C52377523700E4B314 /* SnackViewCell.swift in Sources */,
				1946A3AD237A9832001D5046 /* DrinksTableViewController.swift in Sources */,
				19D52AF72395554D00B56000 /* currentUser.swift in Sources */,
				1945D53A237C5C54005CF923 /* GamesTableViewController.swift in Sources */,
				19D34902238C52AF009839E2 /* ReservationViewCell.swift in Sources */,
				191CC43523759F70003AA481 /* DiscoveryItemViewController.swift in Sources */,
				1946A3AF237A984B001D5046 /* Drink.swift in Sources */,
				19AEBB3A23898AD3007FEB28 /* ReservationMakerViewController.swift in Sources */,
				191CC42823706680003AA481 /* WelcomViewController.swift in Sources */,
				19D34904238C53A6009839E2 /* Reservation.swift in Sources */,
				19270DD8238558C800EF671C /* PostMakerViewController.swift in Sources */,
				1946A3AB237A981A001D5046 /* DrinkViewCell.swift in Sources */,
			);
			runOnlyForDeploymentPostprocessing = 0;
		};
/* End PBXSourcesBuildPhase section */

/* Begin PBXVariantGroup section */
		191CC41523705BFA003AA481 /* LaunchScreen.storyboard */ = {
			isa = PBXVariantGroup;
			children = (
				191CC41623705BFA003AA481 /* Base */,
			);
			name = LaunchScreen.storyboard;
			sourceTree = "<group>";
		};
/* End PBXVariantGroup section */

/* Begin XCBuildConfiguration section */
		191CC41923705BFA003AA481 /* Debug */ = {
			isa = XCBuildConfiguration;
			buildSettings = {
				ALWAYS_SEARCH_USER_PATHS = NO;
				CLANG_ANALYZER_NONNULL = YES;
				CLANG_ANALYZER_NUMBER_OBJECT_CONVERSION = YES_AGGRESSIVE;
				CLANG_CXX_LANGUAGE_STANDARD = "gnu++14";
				CLANG_CXX_LIBRARY = "libc++";
				CLANG_ENABLE_MODULES = YES;
				CLANG_ENABLE_OBJC_ARC = YES;
				CLANG_ENABLE_OBJC_WEAK = YES;
				CLANG_WARN_BLOCK_CAPTURE_AUTORELEASING = YES;
				CLANG_WARN_BOOL_CONVERSION = YES;
				CLANG_WARN_COMMA = YES;
				CLANG_WARN_CONSTANT_CONVERSION = YES;
				CLANG_WARN_DEPRECATED_OBJC_IMPLEMENTATIONS = YES;
				CLANG_WARN_DIRECT_OBJC_ISA_USAGE = YES_ERROR;
				CLANG_WARN_DOCUMENTATION_COMMENTS = YES;
				CLANG_WARN_EMPTY_BODY = YES;
				CLANG_WARN_ENUM_CONVERSION = YES;
				CLANG_WARN_INFINITE_RECURSION = YES;
				CLANG_WARN_INT_CONVERSION = YES;
				CLANG_WARN_NON_LITERAL_NULL_CONVERSION = YES;
				CLANG_WARN_OBJC_IMPLICIT_RETAIN_SELF = YES;
				CLANG_WARN_OBJC_LITERAL_CONVERSION = YES;
				CLANG_WARN_OBJC_ROOT_CLASS = YES_ERROR;
				CLANG_WARN_RANGE_LOOP_ANALYSIS = YES;
				CLANG_WARN_STRICT_PROTOTYPES = YES;
				CLANG_WARN_SUSPICIOUS_MOVE = YES;
				CLANG_WARN_UNGUARDED_AVAILABILITY = YES_AGGRESSIVE;
				CLANG_WARN_UNREACHABLE_CODE = YES;
				CLANG_WARN__DUPLICATE_METHOD_MATCH = YES;
				COPY_PHASE_STRIP = NO;
				DEBUG_INFORMATION_FORMAT = dwarf;
				ENABLE_STRICT_OBJC_MSGSEND = YES;
				ENABLE_TESTABILITY = YES;
				GCC_C_LANGUAGE_STANDARD = gnu11;
				GCC_DYNAMIC_NO_PIC = NO;
				GCC_NO_COMMON_BLOCKS = YES;
				GCC_OPTIMIZATION_LEVEL = 0;
				GCC_PREPROCESSOR_DEFINITIONS = (
					"DEBUG=1",
					"$(inherited)",
				);
				GCC_WARN_64_TO_32_BIT_CONVERSION = YES;
				GCC_WARN_ABOUT_RETURN_TYPE = YES_ERROR;
				GCC_WARN_UNDECLARED_SELECTOR = YES;
				GCC_WARN_UNINITIALIZED_AUTOS = YES_AGGRESSIVE;
				GCC_WARN_UNUSED_FUNCTION = YES;
				GCC_WARN_UNUSED_VARIABLE = YES;
				IPHONEOS_DEPLOYMENT_TARGET = 13.2;
				MTL_ENABLE_DEBUG_INFO = INCLUDE_SOURCE;
				MTL_FAST_MATH = YES;
				ONLY_ACTIVE_ARCH = YES;
				SDKROOT = iphoneos;
				SWIFT_ACTIVE_COMPILATION_CONDITIONS = DEBUG;
				SWIFT_OPTIMIZATION_LEVEL = "-Onone";
			};
			name = Debug;
		};
		191CC41A23705BFA003AA481 /* Release */ = {
			isa = XCBuildConfiguration;
			buildSettings = {
				ALWAYS_SEARCH_USER_PATHS = NO;
				CLANG_ANALYZER_NONNULL = YES;
				CLANG_ANALYZER_NUMBER_OBJECT_CONVERSION = YES_AGGRESSIVE;
				CLANG_CXX_LANGUAGE_STANDARD = "gnu++14";
				CLANG_CXX_LIBRARY = "libc++";
				CLANG_ENABLE_MODULES = YES;
				CLANG_ENABLE_OBJC_ARC = YES;
				CLANG_ENABLE_OBJC_WEAK = YES;
				CLANG_WARN_BLOCK_CAPTURE_AUTORELEASING = YES;
				CLANG_WARN_BOOL_CONVERSION = YES;
				CLANG_WARN_COMMA = YES;
				CLANG_WARN_CONSTANT_CONVERSION = YES;
				CLANG_WARN_DEPRECATED_OBJC_IMPLEMENTATIONS = YES;
				CLANG_WARN_DIRECT_OBJC_ISA_USAGE = YES_ERROR;
				CLANG_WARN_DOCUMENTATION_COMMENTS = YES;
				CLANG_WARN_EMPTY_BODY = YES;
				CLANG_WARN_ENUM_CONVERSION = YES;
				CLANG_WARN_INFINITE_RECURSION = YES;
				CLANG_WARN_INT_CONVERSION = YES;
				CLANG_WARN_NON_LITERAL_NULL_CONVERSION = YES;
				CLANG_WARN_OBJC_IMPLICIT_RETAIN_SELF = YES;
				CLANG_WARN_OBJC_LITERAL_CONVERSION = YES;
				CLANG_WARN_OBJC_ROOT_CLASS = YES_ERROR;
				CLANG_WARN_RANGE_LOOP_ANALYSIS = YES;
				CLANG_WARN_STRICT_PROTOTYPES = YES;
				CLANG_WARN_SUSPICIOUS_MOVE = YES;
				CLANG_WARN_UNGUARDED_AVAILABILITY = YES_AGGRESSIVE;
				CLANG_WARN_UNREACHABLE_CODE = YES;
				CLANG_WARN__DUPLICATE_METHOD_MATCH = YES;
				COPY_PHASE_STRIP = NO;
				DEBUG_INFORMATION_FORMAT = "dwarf-with-dsym";
				ENABLE_NS_ASSERTIONS = NO;
				ENABLE_STRICT_OBJC_MSGSEND = YES;
				GCC_C_LANGUAGE_STANDARD = gnu11;
				GCC_NO_COMMON_BLOCKS = YES;
				GCC_WARN_64_TO_32_BIT_CONVERSION = YES;
				GCC_WARN_ABOUT_RETURN_TYPE = YES_ERROR;
				GCC_WARN_UNDECLARED_SELECTOR = YES;
				GCC_WARN_UNINITIALIZED_AUTOS = YES_AGGRESSIVE;
				GCC_WARN_UNUSED_FUNCTION = YES;
				GCC_WARN_UNUSED_VARIABLE = YES;
				IPHONEOS_DEPLOYMENT_TARGET = 13.2;
				MTL_ENABLE_DEBUG_INFO = NO;
				MTL_FAST_MATH = YES;
				SDKROOT = iphoneos;
				SWIFT_COMPILATION_MODE = wholemodule;
				SWIFT_OPTIMIZATION_LEVEL = "-O";
				VALIDATE_PRODUCT = YES;
			};
			name = Release;
		};
		191CC41C23705BFA003AA481 /* Debug */ = {
			isa = XCBuildConfiguration;
			baseConfigurationReference = EAB883B312D33ED69829A61D /* Pods-NativeAppsFinalProject.debug.xcconfig */;
			buildSettings = {
				ASSETCATALOG_COMPILER_APPICON_NAME = AppIcon;
				CODE_SIGN_STYLE = Automatic;
				DEVELOPMENT_TEAM = 43KY85N928;
				INFOPLIST_FILE = NativeAppsFinalProject/Info.plist;
				LD_RUNPATH_SEARCH_PATHS = (
					"$(inherited)",
					"@executable_path/Frameworks",
				);
				PRODUCT_BUNDLE_IDENTIFIER = School.NativeAppsFinalProject;
				PRODUCT_NAME = "$(TARGET_NAME)";
				SWIFT_VERSION = 5.0;
				TARGETED_DEVICE_FAMILY = "1,2";
			};
			name = Debug;
		};
		191CC41D23705BFA003AA481 /* Release */ = {
			isa = XCBuildConfiguration;
			baseConfigurationReference = 1825B4541D9EE327FEEDAFF0 /* Pods-NativeAppsFinalProject.release.xcconfig */;
			buildSettings = {
				ASSETCATALOG_COMPILER_APPICON_NAME = AppIcon;
				CODE_SIGN_STYLE = Automatic;
				DEVELOPMENT_TEAM = 43KY85N928;
				INFOPLIST_FILE = NativeAppsFinalProject/Info.plist;
				LD_RUNPATH_SEARCH_PATHS = (
					"$(inherited)",
					"@executable_path/Frameworks",
				);
				PRODUCT_BUNDLE_IDENTIFIER = School.NativeAppsFinalProject;
				PRODUCT_NAME = "$(TARGET_NAME)";
				SWIFT_VERSION = 5.0;
				TARGETED_DEVICE_FAMILY = "1,2";
			};
			name = Release;
		};
/* End XCBuildConfiguration section */

/* Begin XCConfigurationList section */
		191CC40223705BF4003AA481 /* Build configuration list for PBXProject "NativeAppsFinalProject" */ = {
			isa = XCConfigurationList;
			buildConfigurations = (
				191CC41923705BFA003AA481 /* Debug */,
				191CC41A23705BFA003AA481 /* Release */,
			);
			defaultConfigurationIsVisible = 0;
			defaultConfigurationName = Release;
		};
		191CC41B23705BFA003AA481 /* Build configuration list for PBXNativeTarget "NativeAppsFinalProject" */ = {
			isa = XCConfigurationList;
			buildConfigurations = (
				191CC41C23705BFA003AA481 /* Debug */,
				191CC41D23705BFA003AA481 /* Release */,
			);
			defaultConfigurationIsVisible = 0;
			defaultConfigurationName = Release;
		};
/* End XCConfigurationList section */
	};
	rootObject = 191CC3FF23705BF4003AA481 /* Project object */;
}
